{
  "lockfileVersion": 1,
  "workspaces": {
    "": {
      "dependencies": {
        "@trpc/client": "^11.1.0",
        "@trpc/server": "^11.1.0",
        "zod": "^4.0.0-beta.20250412T085909",
      },
    },
  },
  "packages": {
    "@trpc/client": ["@trpc/client@11.1.0", "", { "peerDependencies": { "@trpc/server": "11.1.0", "typescript": ">=5.7.2" } }, "sha512-Q3pL4p7AddxI/ZJTEFo1utKSdasDFjZPECIPsKDkthEt52k530JkYVltTdLkYFKrNWXKKBo8MN7NwchelczoRw=="],

    "@trpc/server": ["@trpc/server@11.1.0", "", { "peerDependencies": { "typescript": ">=5.7.2" } }, "sha512-uAJ7ikejeujVkf53XFJ/0W8nr7bDjul+Szk5Rsepq97Hb/WS1RkRXdyX4KqAyCE9b1vDFCJVJwSxiIZdRtbTZQ=="],

    "@zod/core": ["@zod/core@0.4.6", "", {}, "sha512-0IeEldTobOdkoJPyINVQgOHlgCWbpozSsDjdcd2+VcxKvf8T+SYLDVk7NKt0XJx3C0ImNXAXh3V3yIw46NJyQA=="],

    "typescript": ["typescript@5.8.3", "", { "bin": { "tsc": "bin/tsc", "tsserver": "bin/tsserver" } }, "sha512-p1diW6TqL9L07nNxvRMM7hMMw4c5XOo/1ibL4aAIGmSAt9slTE1Xgw5KWuof2uTOvCg9BY7ZRi+GaF+7sfgPeQ=="],

    "zod": ["zod@4.0.0-beta.20250412T085909", "", { "dependencies": { "@zod/core": "0.4.6" } }, "sha512-W4OjoCnF5XTuljw4X6Hh3Inp45Ug7mmCWzWfFPv+RZcSIAGz7OPqBKOEDtLjfnJAvoxvY3vO0SkxH1zr0Md/Ag=="],
  }
}
